
Microsoft Visual Studio Solution File, Format Version 12.00
# Visual Studio Version 17
VisualStudioVersion = 17.2.32519.379
MinimumVisualStudioVersion = 10.0.40219.1
Project("{FAE04EC0-301F-11D3-BF4B-00C04F79EFBC}") = "HomeWork12", "HomeWork12\HomeWork12.csproj", "{C06E59D2-FBFE-4AF7-A830-BAEB54BCBD26}"
EndProject
Global
	GlobalSection(SolutionConfigurationPlatforms) = preSolution
		Debug|Any CPU = Debug|Any CPU
		Release|Any CPU = Release|Any CPU
	EndGlobalSection
	GlobalSection(ProjectConfigurationPlatforms) = postSolution
		{C06E59D2-FBFE-4AF7-A830-BAEB54BCBD26}.Debug|Any CPU.ActiveCfg = Debug|Any CPU
		{C06E59D2-FBFE-4AF7-A830-BAEB54BCBD26}.Debug|Any CPU.Build.0 = Debug|Any CPU
		{C06E59D2-FBFE-4AF7-A830-BAEB54BCBD26}.Release|Any CPU.ActiveCfg = Release|Any CPU
		{C06E59D2-FBFE-4AF7-A830-BAEB54BCBD26}.Release|Any CPU.Build.0 = Release|Any CPU
	EndGlobalSection
	GlobalSection(SolutionProperties) = preSolution
		HideSolutionNode = FALSE
	EndGlobalSection
	GlobalSection(ExtensibilityGlobals) = postSolution
		SolutionGuid = {7943947C-873F-4E62-B759-F6ED5F33A6FD}
	EndGlobalSection
EndGlobal
