
Microsoft Visual Studio Solution File, Format Version 12.00
# Visual Studio 15
VisualStudioVersion = 15.0.33026.149
MinimumVisualStudioVersion = 10.0.40219.1
Project("{FAE04EC0-301F-11D3-BF4B-00C04F79EFBC}") = "MineField", "MineField\MineField.csproj", "{9B9AEB15-17FD-4491-9A93-25FB5D31611E}"
EndProject
Project("{FAE04EC0-301F-11D3-BF4B-00C04F79EFBC}") = "Homework", "Homework\Homework.csproj", "{AC99B671-290C-4E4E-9965-D6D759E03AD4}"
EndProject
Global
	GlobalSection(SolutionConfigurationPlatforms) = preSolution
		Debug|Any CPU = Debug|Any CPU
		Release|Any CPU = Release|Any CPU
	EndGlobalSection
	GlobalSection(ProjectConfigurationPlatforms) = postSolution
		{9B9AEB15-17FD-4491-9A93-25FB5D31611E}.Debug|Any CPU.ActiveCfg = Debug|Any CPU
		{9B9AEB15-17FD-4491-9A93-25FB5D31611E}.Debug|Any CPU.Build.0 = Debug|Any CPU
		{9B9AEB15-17FD-4491-9A93-25FB5D31611E}.Release|Any CPU.ActiveCfg = Release|Any CPU
		{9B9AEB15-17FD-4491-9A93-25FB5D31611E}.Release|Any CPU.Build.0 = Release|Any CPU
		{AC99B671-290C-4E4E-9965-D6D759E03AD4}.Debug|Any CPU.ActiveCfg = Debug|Any CPU
		{AC99B671-290C-4E4E-9965-D6D759E03AD4}.Debug|Any CPU.Build.0 = Debug|Any CPU
		{AC99B671-290C-4E4E-9965-D6D759E03AD4}.Release|Any CPU.ActiveCfg = Release|Any CPU
		{AC99B671-290C-4E4E-9965-D6D759E03AD4}.Release|Any CPU.Build.0 = Release|Any CPU
	EndGlobalSection
	GlobalSection(SolutionProperties) = preSolution
		HideSolutionNode = FALSE
	EndGlobalSection
	GlobalSection(ExtensibilityGlobals) = postSolution
		SolutionGuid = {E0E12D65-FC1D-4893-9A8D-5FC4D473766F}
	EndGlobalSection
EndGlobal
