
Microsoft Visual Studio Solution File, Format Version 12.00
# Visual Studio Version 17
VisualStudioVersion = 17.2.32519.379
MinimumVisualStudioVersion = 10.0.40219.1
Project("{FAE04EC0-301F-11D3-BF4B-00C04F79EFBC}") = "Homework3", "Homework3\Homework3.csproj", "{49178619-2B6E-4D24-9619-72FF0390944B}"
EndProject
Global
	GlobalSection(SolutionConfigurationPlatforms) = preSolution
		Debug|Any CPU = Debug|Any CPU
		Release|Any CPU = Release|Any CPU
	EndGlobalSection
	GlobalSection(ProjectConfigurationPlatforms) = postSolution
		{49178619-2B6E-4D24-9619-72FF0390944B}.Debug|Any CPU.ActiveCfg = Debug|Any CPU
		{49178619-2B6E-4D24-9619-72FF0390944B}.Debug|Any CPU.Build.0 = Debug|Any CPU
		{49178619-2B6E-4D24-9619-72FF0390944B}.Release|Any CPU.ActiveCfg = Release|Any CPU
		{49178619-2B6E-4D24-9619-72FF0390944B}.Release|Any CPU.Build.0 = Release|Any CPU
	EndGlobalSection
	GlobalSection(SolutionProperties) = preSolution
		HideSolutionNode = FALSE
	EndGlobalSection
	GlobalSection(ExtensibilityGlobals) = postSolution
		SolutionGuid = {D5E4AF09-C915-41A5-9A63-5834C32CAF92}
	EndGlobalSection
EndGlobal
