
Microsoft Visual Studio Solution File, Format Version 12.00
# Visual Studio Version 17
VisualStudioVersion = 17.2.32519.379
MinimumVisualStudioVersion = 10.0.40219.1
Project("{FAE04EC0-301F-11D3-BF4B-00C04F79EFBC}") = "Homework1", "Homework1\Homework1.csproj", "{9A0A70E7-AF56-4C43-997A-D34D105ECF8D}"
EndProject
Global
	GlobalSection(SolutionConfigurationPlatforms) = preSolution
		Debug|Any CPU = Debug|Any CPU
		Release|Any CPU = Release|Any CPU
	EndGlobalSection
	GlobalSection(ProjectConfigurationPlatforms) = postSolution
		{9A0A70E7-AF56-4C43-997A-D34D105ECF8D}.Debug|Any CPU.ActiveCfg = Debug|Any CPU
		{9A0A70E7-AF56-4C43-997A-D34D105ECF8D}.Debug|Any CPU.Build.0 = Debug|Any CPU
		{9A0A70E7-AF56-4C43-997A-D34D105ECF8D}.Release|Any CPU.ActiveCfg = Release|Any CPU
		{9A0A70E7-AF56-4C43-997A-D34D105ECF8D}.Release|Any CPU.Build.0 = Release|Any CPU
	EndGlobalSection
	GlobalSection(SolutionProperties) = preSolution
		HideSolutionNode = FALSE
	EndGlobalSection
	GlobalSection(ExtensibilityGlobals) = postSolution
		SolutionGuid = {D84A1D50-7371-4A8D-B2BB-BD8C202DD798}
	EndGlobalSection
EndGlobal
