
Microsoft Visual Studio Solution File, Format Version 12.00
# Visual Studio Version 17
VisualStudioVersion = 17.2.32519.379
MinimumVisualStudioVersion = 10.0.40219.1
Project("{FAE04EC0-301F-11D3-BF4B-00C04F79EFBC}") = "CheckingActivity", "CheckingActivity\CheckingActivity.csproj", "{308ABAA2-C82C-4DAF-9946-20A3B506D7BF}"
EndProject
Global
	GlobalSection(SolutionConfigurationPlatforms) = preSolution
		Debug|Any CPU = Debug|Any CPU
		Release|Any CPU = Release|Any CPU
	EndGlobalSection
	GlobalSection(ProjectConfigurationPlatforms) = postSolution
		{308ABAA2-C82C-4DAF-9946-20A3B506D7BF}.Debug|Any CPU.ActiveCfg = Debug|Any CPU
		{308ABAA2-C82C-4DAF-9946-20A3B506D7BF}.Debug|Any CPU.Build.0 = Debug|Any CPU
		{308ABAA2-C82C-4DAF-9946-20A3B506D7BF}.Release|Any CPU.ActiveCfg = Release|Any CPU
		{308ABAA2-C82C-4DAF-9946-20A3B506D7BF}.Release|Any CPU.Build.0 = Release|Any CPU
	EndGlobalSection
	GlobalSection(SolutionProperties) = preSolution
		HideSolutionNode = FALSE
	EndGlobalSection
	GlobalSection(ExtensibilityGlobals) = postSolution
		SolutionGuid = {BEF3C78A-CC2F-45CE-88AF-331F16CB8CF9}
	EndGlobalSection
EndGlobal
