
Microsoft Visual Studio Solution File, Format Version 12.00
# Visual Studio 15
VisualStudioVersion = 15.0.33026.149
MinimumVisualStudioVersion = 10.0.40219.1
Project("{FAE04EC0-301F-11D3-BF4B-00C04F79EFBC}") = "WindowsFormsAppPart5", "WindowsFormsAppPart5\WindowsFormsAppPart5.csproj", "{A20F8A52-9A9C-4F12-9EF7-4369B0513DBA}"
EndProject
Project("{FAE04EC0-301F-11D3-BF4B-00C04F79EFBC}") = "Homework", "Homework\Homework.csproj", "{C484A223-4E07-4EFC-8678-80F9AA47AEDE}"
EndProject
Global
	GlobalSection(SolutionConfigurationPlatforms) = preSolution
		Debug|Any CPU = Debug|Any CPU
		Release|Any CPU = Release|Any CPU
	EndGlobalSection
	GlobalSection(ProjectConfigurationPlatforms) = postSolution
		{A20F8A52-9A9C-4F12-9EF7-4369B0513DBA}.Debug|Any CPU.ActiveCfg = Debug|Any CPU
		{A20F8A52-9A9C-4F12-9EF7-4369B0513DBA}.Debug|Any CPU.Build.0 = Debug|Any CPU
		{A20F8A52-9A9C-4F12-9EF7-4369B0513DBA}.Release|Any CPU.ActiveCfg = Release|Any CPU
		{A20F8A52-9A9C-4F12-9EF7-4369B0513DBA}.Release|Any CPU.Build.0 = Release|Any CPU
		{C484A223-4E07-4EFC-8678-80F9AA47AEDE}.Debug|Any CPU.ActiveCfg = Debug|Any CPU
		{C484A223-4E07-4EFC-8678-80F9AA47AEDE}.Debug|Any CPU.Build.0 = Debug|Any CPU
		{C484A223-4E07-4EFC-8678-80F9AA47AEDE}.Release|Any CPU.ActiveCfg = Release|Any CPU
		{C484A223-4E07-4EFC-8678-80F9AA47AEDE}.Release|Any CPU.Build.0 = Release|Any CPU
	EndGlobalSection
	GlobalSection(SolutionProperties) = preSolution
		HideSolutionNode = FALSE
	EndGlobalSection
	GlobalSection(ExtensibilityGlobals) = postSolution
		SolutionGuid = {37189128-3516-40F8-9003-785B5A025A74}
	EndGlobalSection
EndGlobal
