
Microsoft Visual Studio Solution File, Format Version 12.00
# Visual Studio 15
VisualStudioVersion = 15.0.33026.149
MinimumVisualStudioVersion = 10.0.40219.1
Project("{FAE04EC0-301F-11D3-BF4B-00C04F79EFBC}") = "JSON and CSV", "JSON and CSV\JSON and CSV.csproj", "{69DA47E2-2074-4757-807A-235DC27495D4}"
EndProject
Project("{FAE04EC0-301F-11D3-BF4B-00C04F79EFBC}") = "CSV", "CSV\CSV.csproj", "{C6E16178-1D0F-427D-98A1-BFD9CD43874A}"
EndProject
Project("{FAE04EC0-301F-11D3-BF4B-00C04F79EFBC}") = "Homework", "Homework\Homework.csproj", "{E0305A89-4874-4B73-9EB2-B095B341FAC6}"
EndProject
Global
	GlobalSection(SolutionConfigurationPlatforms) = preSolution
		Debug|Any CPU = Debug|Any CPU
		Release|Any CPU = Release|Any CPU
	EndGlobalSection
	GlobalSection(ProjectConfigurationPlatforms) = postSolution
		{69DA47E2-2074-4757-807A-235DC27495D4}.Debug|Any CPU.ActiveCfg = Debug|Any CPU
		{69DA47E2-2074-4757-807A-235DC27495D4}.Debug|Any CPU.Build.0 = Debug|Any CPU
		{69DA47E2-2074-4757-807A-235DC27495D4}.Release|Any CPU.ActiveCfg = Release|Any CPU
		{69DA47E2-2074-4757-807A-235DC27495D4}.Release|Any CPU.Build.0 = Release|Any CPU
		{C6E16178-1D0F-427D-98A1-BFD9CD43874A}.Debug|Any CPU.ActiveCfg = Debug|Any CPU
		{C6E16178-1D0F-427D-98A1-BFD9CD43874A}.Debug|Any CPU.Build.0 = Debug|Any CPU
		{C6E16178-1D0F-427D-98A1-BFD9CD43874A}.Release|Any CPU.ActiveCfg = Release|Any CPU
		{C6E16178-1D0F-427D-98A1-BFD9CD43874A}.Release|Any CPU.Build.0 = Release|Any CPU
		{E0305A89-4874-4B73-9EB2-B095B341FAC6}.Debug|Any CPU.ActiveCfg = Debug|Any CPU
		{E0305A89-4874-4B73-9EB2-B095B341FAC6}.Debug|Any CPU.Build.0 = Debug|Any CPU
		{E0305A89-4874-4B73-9EB2-B095B341FAC6}.Release|Any CPU.ActiveCfg = Release|Any CPU
		{E0305A89-4874-4B73-9EB2-B095B341FAC6}.Release|Any CPU.Build.0 = Release|Any CPU
	EndGlobalSection
	GlobalSection(SolutionProperties) = preSolution
		HideSolutionNode = FALSE
	EndGlobalSection
	GlobalSection(ExtensibilityGlobals) = postSolution
		SolutionGuid = {4EFFC37E-B4C0-4DC8-9A48-6B559B13CC0F}
	EndGlobalSection
EndGlobal
