
Microsoft Visual Studio Solution File, Format Version 12.00
# Visual Studio 15
VisualStudioVersion = 15.0.33026.149
MinimumVisualStudioVersion = 10.0.40219.1
Project("{FAE04EC0-301F-11D3-BF4B-00C04F79EFBC}") = "ExceptionHandling", "ExceptionHandling\ExceptionHandling.csproj", "{6E79C471-B823-4172-B5D5-20762157264F}"
EndProject
Project("{FAE04EC0-301F-11D3-BF4B-00C04F79EFBC}") = "DotNetVersionChanges", "DotNetVersionChanges\DotNetVersionChanges.csproj", "{1D75A27D-5D7D-4B3A-A9CF-9E0C553FE0A7}"
EndProject
Project("{FAE04EC0-301F-11D3-BF4B-00C04F79EFBC}") = "Homeworks", "Homeworks\Homeworks.csproj", "{C7DD1ED3-A3BB-4FF6-B245-042A44C4ECFC}"
EndProject
Global
	GlobalSection(SolutionConfigurationPlatforms) = preSolution
		Debug|Any CPU = Debug|Any CPU
		Release|Any CPU = Release|Any CPU
	EndGlobalSection
	GlobalSection(ProjectConfigurationPlatforms) = postSolution
		{6E79C471-B823-4172-B5D5-20762157264F}.Debug|Any CPU.ActiveCfg = Debug|Any CPU
		{6E79C471-B823-4172-B5D5-20762157264F}.Debug|Any CPU.Build.0 = Debug|Any CPU
		{6E79C471-B823-4172-B5D5-20762157264F}.Release|Any CPU.ActiveCfg = Release|Any CPU
		{6E79C471-B823-4172-B5D5-20762157264F}.Release|Any CPU.Build.0 = Release|Any CPU
		{1D75A27D-5D7D-4B3A-A9CF-9E0C553FE0A7}.Debug|Any CPU.ActiveCfg = Debug|Any CPU
		{1D75A27D-5D7D-4B3A-A9CF-9E0C553FE0A7}.Debug|Any CPU.Build.0 = Debug|Any CPU
		{1D75A27D-5D7D-4B3A-A9CF-9E0C553FE0A7}.Release|Any CPU.ActiveCfg = Release|Any CPU
		{1D75A27D-5D7D-4B3A-A9CF-9E0C553FE0A7}.Release|Any CPU.Build.0 = Release|Any CPU
		{C7DD1ED3-A3BB-4FF6-B245-042A44C4ECFC}.Debug|Any CPU.ActiveCfg = Debug|Any CPU
		{C7DD1ED3-A3BB-4FF6-B245-042A44C4ECFC}.Debug|Any CPU.Build.0 = Debug|Any CPU
		{C7DD1ED3-A3BB-4FF6-B245-042A44C4ECFC}.Release|Any CPU.ActiveCfg = Release|Any CPU
		{C7DD1ED3-A3BB-4FF6-B245-042A44C4ECFC}.Release|Any CPU.Build.0 = Release|Any CPU
	EndGlobalSection
	GlobalSection(SolutionProperties) = preSolution
		HideSolutionNode = FALSE
	EndGlobalSection
	GlobalSection(ExtensibilityGlobals) = postSolution
		SolutionGuid = {5ED11411-9580-4096-9A90-E28A11664C9C}
	EndGlobalSection
EndGlobal
