
Microsoft Visual Studio Solution File, Format Version 12.00
# Visual Studio Version 17
VisualStudioVersion = 17.2.32519.379
MinimumVisualStudioVersion = 10.0.40219.1
Project("{FAE04EC0-301F-11D3-BF4B-00C04F79EFBC}") = "Homework4", "Homework4\Homework4.csproj", "{637428BF-D1C2-4B3A-8F68-C8ABCA354579}"
EndProject
Global
	GlobalSection(SolutionConfigurationPlatforms) = preSolution
		Debug|Any CPU = Debug|Any CPU
		Release|Any CPU = Release|Any CPU
	EndGlobalSection
	GlobalSection(ProjectConfigurationPlatforms) = postSolution
		{637428BF-D1C2-4B3A-8F68-C8ABCA354579}.Debug|Any CPU.ActiveCfg = Debug|Any CPU
		{637428BF-D1C2-4B3A-8F68-C8ABCA354579}.Debug|Any CPU.Build.0 = Debug|Any CPU
		{637428BF-D1C2-4B3A-8F68-C8ABCA354579}.Release|Any CPU.ActiveCfg = Release|Any CPU
		{637428BF-D1C2-4B3A-8F68-C8ABCA354579}.Release|Any CPU.Build.0 = Release|Any CPU
	EndGlobalSection
	GlobalSection(SolutionProperties) = preSolution
		HideSolutionNode = FALSE
	EndGlobalSection
	GlobalSection(ExtensibilityGlobals) = postSolution
		SolutionGuid = {78B8B42F-B4C8-4174-A445-E2211555CE7C}
	EndGlobalSection
EndGlobal
