
Microsoft Visual Studio Solution File, Format Version 12.00
# Visual Studio Version 17
VisualStudioVersion = 17.2.32519.379
MinimumVisualStudioVersion = 10.0.40219.1
Project("{FAE04EC0-301F-11D3-BF4B-00C04F79EFBC}") = "Homework2", "Homework2\Homework2.csproj", "{629347AD-890E-4D30-8B46-CCEB90BD02C6}"
EndProject
Global
	GlobalSection(SolutionConfigurationPlatforms) = preSolution
		Debug|Any CPU = Debug|Any CPU
		Release|Any CPU = Release|Any CPU
	EndGlobalSection
	GlobalSection(ProjectConfigurationPlatforms) = postSolution
		{629347AD-890E-4D30-8B46-CCEB90BD02C6}.Debug|Any CPU.ActiveCfg = Debug|Any CPU
		{629347AD-890E-4D30-8B46-CCEB90BD02C6}.Debug|Any CPU.Build.0 = Debug|Any CPU
		{629347AD-890E-4D30-8B46-CCEB90BD02C6}.Release|Any CPU.ActiveCfg = Release|Any CPU
		{629347AD-890E-4D30-8B46-CCEB90BD02C6}.Release|Any CPU.Build.0 = Release|Any CPU
	EndGlobalSection
	GlobalSection(SolutionProperties) = preSolution
		HideSolutionNode = FALSE
	EndGlobalSection
	GlobalSection(ExtensibilityGlobals) = postSolution
		SolutionGuid = {08CB748F-1AFA-481D-B950-FA70022AB1D2}
	EndGlobalSection
EndGlobal
