
Microsoft Visual Studio Solution File, Format Version 12.00
# Visual Studio 15
VisualStudioVersion = 15.0.33026.149
MinimumVisualStudioVersion = 10.0.40219.1
Project("{FAE04EC0-301F-11D3-BF4B-00C04F79EFBC}") = "Generic Collections", "Generic Collections\Generic Collections.csproj", "{1B62E013-9326-44BD-A6B2-7375AC2CA2F5}"
EndProject
Project("{FAE04EC0-301F-11D3-BF4B-00C04F79EFBC}") = "Homework", "Homework\Homework.csproj", "{CAC4656F-2B55-408B-A1F8-A00561970D4C}"
EndProject
Global
	GlobalSection(SolutionConfigurationPlatforms) = preSolution
		Debug|Any CPU = Debug|Any CPU
		Release|Any CPU = Release|Any CPU
	EndGlobalSection
	GlobalSection(ProjectConfigurationPlatforms) = postSolution
		{1B62E013-9326-44BD-A6B2-7375AC2CA2F5}.Debug|Any CPU.ActiveCfg = Debug|Any CPU
		{1B62E013-9326-44BD-A6B2-7375AC2CA2F5}.Debug|Any CPU.Build.0 = Debug|Any CPU
		{1B62E013-9326-44BD-A6B2-7375AC2CA2F5}.Release|Any CPU.ActiveCfg = Release|Any CPU
		{1B62E013-9326-44BD-A6B2-7375AC2CA2F5}.Release|Any CPU.Build.0 = Release|Any CPU
		{CAC4656F-2B55-408B-A1F8-A00561970D4C}.Debug|Any CPU.ActiveCfg = Debug|Any CPU
		{CAC4656F-2B55-408B-A1F8-A00561970D4C}.Debug|Any CPU.Build.0 = Debug|Any CPU
		{CAC4656F-2B55-408B-A1F8-A00561970D4C}.Release|Any CPU.ActiveCfg = Release|Any CPU
		{CAC4656F-2B55-408B-A1F8-A00561970D4C}.Release|Any CPU.Build.0 = Release|Any CPU
	EndGlobalSection
	GlobalSection(SolutionProperties) = preSolution
		HideSolutionNode = FALSE
	EndGlobalSection
	GlobalSection(ExtensibilityGlobals) = postSolution
		SolutionGuid = {660E50B8-B4AA-484E-963F-622A2846156F}
	EndGlobalSection
EndGlobal
