
Microsoft Visual Studio Solution File, Format Version 12.00
# Visual Studio Version 17
VisualStudioVersion = 17.2.32519.379
MinimumVisualStudioVersion = 10.0.40219.1
Project("{FAE04EC0-301F-11D3-BF4B-00C04F79EFBC}") = "CalcWithOverloading", "CalcWithOverloading\CalcWithOverloading.csproj", "{09616213-C821-4EB6-A8E5-CC88BE980CD8}"
EndProject
Global
	GlobalSection(SolutionConfigurationPlatforms) = preSolution
		Debug|Any CPU = Debug|Any CPU
		Release|Any CPU = Release|Any CPU
	EndGlobalSection
	GlobalSection(ProjectConfigurationPlatforms) = postSolution
		{09616213-C821-4EB6-A8E5-CC88BE980CD8}.Debug|Any CPU.ActiveCfg = Debug|Any CPU
		{09616213-C821-4EB6-A8E5-CC88BE980CD8}.Debug|Any CPU.Build.0 = Debug|Any CPU
		{09616213-C821-4EB6-A8E5-CC88BE980CD8}.Release|Any CPU.ActiveCfg = Release|Any CPU
		{09616213-C821-4EB6-A8E5-CC88BE980CD8}.Release|Any CPU.Build.0 = Release|Any CPU
	EndGlobalSection
	GlobalSection(SolutionProperties) = preSolution
		HideSolutionNode = FALSE
	EndGlobalSection
	GlobalSection(ExtensibilityGlobals) = postSolution
		SolutionGuid = {30F049C6-9D39-431B-96FD-295669CF663D}
	EndGlobalSection
EndGlobal
