
Microsoft Visual Studio Solution File, Format Version 12.00
# Visual Studio Version 17
VisualStudioVersion = 17.2.32519.379
MinimumVisualStudioVersion = 10.0.40219.1
Project("{FAE04EC0-301F-11D3-BF4B-00C04F79EFBC}") = "Homework", "Homework\Homework.csproj", "{E08DE008-1292-485E-844B-6B626631E157}"
EndProject
Global
	GlobalSection(SolutionConfigurationPlatforms) = preSolution
		Debug|Any CPU = Debug|Any CPU
		Release|Any CPU = Release|Any CPU
	EndGlobalSection
	GlobalSection(ProjectConfigurationPlatforms) = postSolution
		{E08DE008-1292-485E-844B-6B626631E157}.Debug|Any CPU.ActiveCfg = Debug|Any CPU
		{E08DE008-1292-485E-844B-6B626631E157}.Debug|Any CPU.Build.0 = Debug|Any CPU
		{E08DE008-1292-485E-844B-6B626631E157}.Release|Any CPU.ActiveCfg = Release|Any CPU
		{E08DE008-1292-485E-844B-6B626631E157}.Release|Any CPU.Build.0 = Release|Any CPU
	EndGlobalSection
	GlobalSection(SolutionProperties) = preSolution
		HideSolutionNode = FALSE
	EndGlobalSection
	GlobalSection(ExtensibilityGlobals) = postSolution
		SolutionGuid = {BA5A8CE2-C225-4FA0-9386-508DCEA74804}
	EndGlobalSection
EndGlobal
