
Microsoft Visual Studio Solution File, Format Version 12.00
# Visual Studio Version 17
VisualStudioVersion = 17.2.32519.379
MinimumVisualStudioVersion = 10.0.40219.1
Project("{FAE04EC0-301F-11D3-BF4B-00C04F79EFBC}") = "Homework2", "Homework2\Homework2.csproj", "{04615B58-FBD1-4725-BEBA-BECA935F1F08}"
EndProject
Global
	GlobalSection(SolutionConfigurationPlatforms) = preSolution
		Debug|Any CPU = Debug|Any CPU
		Release|Any CPU = Release|Any CPU
	EndGlobalSection
	GlobalSection(ProjectConfigurationPlatforms) = postSolution
		{04615B58-FBD1-4725-BEBA-BECA935F1F08}.Debug|Any CPU.ActiveCfg = Debug|Any CPU
		{04615B58-FBD1-4725-BEBA-BECA935F1F08}.Debug|Any CPU.Build.0 = Debug|Any CPU
		{04615B58-FBD1-4725-BEBA-BECA935F1F08}.Release|Any CPU.ActiveCfg = Release|Any CPU
		{04615B58-FBD1-4725-BEBA-BECA935F1F08}.Release|Any CPU.Build.0 = Release|Any CPU
	EndGlobalSection
	GlobalSection(SolutionProperties) = preSolution
		HideSolutionNode = FALSE
	EndGlobalSection
	GlobalSection(ExtensibilityGlobals) = postSolution
		SolutionGuid = {2D70278C-811D-42AB-B8A9-FF3469C33711}
	EndGlobalSection
EndGlobal
