
Microsoft Visual Studio Solution File, Format Version 12.00
# Visual Studio Version 17
VisualStudioVersion = 17.2.32519.379
MinimumVisualStudioVersion = 10.0.40219.1
Project("{FAE04EC0-301F-11D3-BF4B-00C04F79EFBC}") = "Homework04", "Homework04\Homework04.csproj", "{D38DE8C1-9EC6-430C-A9ED-7ACEEAEE2211}"
EndProject
Global
	GlobalSection(SolutionConfigurationPlatforms) = preSolution
		Debug|Any CPU = Debug|Any CPU
		Release|Any CPU = Release|Any CPU
	EndGlobalSection
	GlobalSection(ProjectConfigurationPlatforms) = postSolution
		{D38DE8C1-9EC6-430C-A9ED-7ACEEAEE2211}.Debug|Any CPU.ActiveCfg = Debug|Any CPU
		{D38DE8C1-9EC6-430C-A9ED-7ACEEAEE2211}.Debug|Any CPU.Build.0 = Debug|Any CPU
		{D38DE8C1-9EC6-430C-A9ED-7ACEEAEE2211}.Release|Any CPU.ActiveCfg = Release|Any CPU
		{D38DE8C1-9EC6-430C-A9ED-7ACEEAEE2211}.Release|Any CPU.Build.0 = Release|Any CPU
	EndGlobalSection
	GlobalSection(SolutionProperties) = preSolution
		HideSolutionNode = FALSE
	EndGlobalSection
	GlobalSection(ExtensibilityGlobals) = postSolution
		SolutionGuid = {52AF0AE0-937C-4FE0-B841-544A5E97E039}
	EndGlobalSection
EndGlobal
