
Microsoft Visual Studio Solution File, Format Version 12.00
# Visual Studio 15
VisualStudioVersion = 15.0.28307.1705
MinimumVisualStudioVersion = 10.0.40219.1
Project("{FAE04EC0-301F-11D3-BF4B-00C04F79EFBC}") = "VariablesAndDataTypes", "VariablesAndDataTypes\VariablesAndDataTypes.csproj", "{3057898E-3104-46F6-975C-6BAED31D99F1}"
EndProject
Global
	GlobalSection(SolutionConfigurationPlatforms) = preSolution
		Debug|Any CPU = Debug|Any CPU
		Release|Any CPU = Release|Any CPU
	EndGlobalSection
	GlobalSection(ProjectConfigurationPlatforms) = postSolution
		{3057898E-3104-46F6-975C-6BAED31D99F1}.Debug|Any CPU.ActiveCfg = Debug|Any CPU
		{3057898E-3104-46F6-975C-6BAED31D99F1}.Debug|Any CPU.Build.0 = Debug|Any CPU
		{3057898E-3104-46F6-975C-6BAED31D99F1}.Release|Any CPU.ActiveCfg = Release|Any CPU
		{3057898E-3104-46F6-975C-6BAED31D99F1}.Release|Any CPU.Build.0 = Release|Any CPU
	EndGlobalSection
	GlobalSection(SolutionProperties) = preSolution
		HideSolutionNode = FALSE
	EndGlobalSection
	GlobalSection(ExtensibilityGlobals) = postSolution
		SolutionGuid = {6DA8ABA6-FBC8-4507-9627-535210E34D2E}
	EndGlobalSection
EndGlobal
