
Microsoft Visual Studio Solution File, Format Version 12.00
# Visual Studio Version 17
VisualStudioVersion = 17.2.32519.379
MinimumVisualStudioVersion = 10.0.40219.1
Project("{FAE04EC0-301F-11D3-BF4B-00C04F79EFBC}") = "HomeWork01", "HomeWork01\HomeWork01.csproj", "{688DF60D-EC06-4C28-B26B-968A6D3AB2BB}"
EndProject
Global
	GlobalSection(SolutionConfigurationPlatforms) = preSolution
		Debug|Any CPU = Debug|Any CPU
		Release|Any CPU = Release|Any CPU
	EndGlobalSection
	GlobalSection(ProjectConfigurationPlatforms) = postSolution
		{688DF60D-EC06-4C28-B26B-968A6D3AB2BB}.Debug|Any CPU.ActiveCfg = Debug|Any CPU
		{688DF60D-EC06-4C28-B26B-968A6D3AB2BB}.Debug|Any CPU.Build.0 = Debug|Any CPU
		{688DF60D-EC06-4C28-B26B-968A6D3AB2BB}.Release|Any CPU.ActiveCfg = Release|Any CPU
		{688DF60D-EC06-4C28-B26B-968A6D3AB2BB}.Release|Any CPU.Build.0 = Release|Any CPU
	EndGlobalSection
	GlobalSection(SolutionProperties) = preSolution
		HideSolutionNode = FALSE
	EndGlobalSection
	GlobalSection(ExtensibilityGlobals) = postSolution
		SolutionGuid = {5E36D2E6-A9B1-49EE-9354-182081C89BD3}
	EndGlobalSection
EndGlobal
