
Microsoft Visual Studio Solution File, Format Version 12.00
# Visual Studio Version 17
VisualStudioVersion = 17.2.32519.379
MinimumVisualStudioVersion = 10.0.40219.1
Project("{FAE04EC0-301F-11D3-BF4B-00C04F79EFBC}") = "Homework02", "Homework02\Homework02.csproj", "{A596925D-5817-43D7-AA86-545FC5AE9E3C}"
EndProject
Global
	GlobalSection(SolutionConfigurationPlatforms) = preSolution
		Debug|Any CPU = Debug|Any CPU
		Release|Any CPU = Release|Any CPU
	EndGlobalSection
	GlobalSection(ProjectConfigurationPlatforms) = postSolution
		{A596925D-5817-43D7-AA86-545FC5AE9E3C}.Debug|Any CPU.ActiveCfg = Debug|Any CPU
		{A596925D-5817-43D7-AA86-545FC5AE9E3C}.Debug|Any CPU.Build.0 = Debug|Any CPU
		{A596925D-5817-43D7-AA86-545FC5AE9E3C}.Release|Any CPU.ActiveCfg = Release|Any CPU
		{A596925D-5817-43D7-AA86-545FC5AE9E3C}.Release|Any CPU.Build.0 = Release|Any CPU
	EndGlobalSection
	GlobalSection(SolutionProperties) = preSolution
		HideSolutionNode = FALSE
	EndGlobalSection
	GlobalSection(ExtensibilityGlobals) = postSolution
		SolutionGuid = {33FA357A-6E6D-462A-914B-4FD43F03A97F}
	EndGlobalSection
EndGlobal
