
Microsoft Visual Studio Solution File, Format Version 12.00
# Visual Studio 15
VisualStudioVersion = 15.0.28307.2017
MinimumVisualStudioVersion = 10.0.40219.1
Project("{FAE04EC0-301F-11D3-BF4B-00C04F79EFBC}") = "Methods Part 2", "Methods Part 2\Methods Part 2.csproj", "{2F29F56B-A28E-423A-A30E-D93BB394500A}"
EndProject
Project("{FAE04EC0-301F-11D3-BF4B-00C04F79EFBC}") = "Homework", "Homework\Homework.csproj", "{B5FF4F97-4B4A-43B5-991B-00D4FDC9D4EA}"
EndProject
Global
	GlobalSection(SolutionConfigurationPlatforms) = preSolution
		Debug|Any CPU = Debug|Any CPU
		Release|Any CPU = Release|Any CPU
	EndGlobalSection
	GlobalSection(ProjectConfigurationPlatforms) = postSolution
		{2F29F56B-A28E-423A-A30E-D93BB394500A}.Debug|Any CPU.ActiveCfg = Debug|Any CPU
		{2F29F56B-A28E-423A-A30E-D93BB394500A}.Debug|Any CPU.Build.0 = Debug|Any CPU
		{2F29F56B-A28E-423A-A30E-D93BB394500A}.Release|Any CPU.ActiveCfg = Release|Any CPU
		{2F29F56B-A28E-423A-A30E-D93BB394500A}.Release|Any CPU.Build.0 = Release|Any CPU
		{B5FF4F97-4B4A-43B5-991B-00D4FDC9D4EA}.Debug|Any CPU.ActiveCfg = Debug|Any CPU
		{B5FF4F97-4B4A-43B5-991B-00D4FDC9D4EA}.Debug|Any CPU.Build.0 = Debug|Any CPU
		{B5FF4F97-4B4A-43B5-991B-00D4FDC9D4EA}.Release|Any CPU.ActiveCfg = Release|Any CPU
		{B5FF4F97-4B4A-43B5-991B-00D4FDC9D4EA}.Release|Any CPU.Build.0 = Release|Any CPU
	EndGlobalSection
	GlobalSection(SolutionProperties) = preSolution
		HideSolutionNode = FALSE
	EndGlobalSection
	GlobalSection(ExtensibilityGlobals) = postSolution
		SolutionGuid = {0B6258D0-F326-4EC5-AA4B-3A65F0E42DE1}
	EndGlobalSection
EndGlobal
