
Microsoft Visual Studio Solution File, Format Version 12.00
# Visual Studio Version 17
VisualStudioVersion = 17.2.32519.379
MinimumVisualStudioVersion = 10.0.40219.1
Project("{FAE04EC0-301F-11D3-BF4B-00C04F79EFBC}") = "Homework", "Homework\Homework.csproj", "{497B888E-4D34-41A1-B127-B41357FD518C}"
EndProject
Global
	GlobalSection(SolutionConfigurationPlatforms) = preSolution
		Debug|Any CPU = Debug|Any CPU
		Release|Any CPU = Release|Any CPU
	EndGlobalSection
	GlobalSection(ProjectConfigurationPlatforms) = postSolution
		{497B888E-4D34-41A1-B127-B41357FD518C}.Debug|Any CPU.ActiveCfg = Debug|Any CPU
		{497B888E-4D34-41A1-B127-B41357FD518C}.Debug|Any CPU.Build.0 = Debug|Any CPU
		{497B888E-4D34-41A1-B127-B41357FD518C}.Release|Any CPU.ActiveCfg = Release|Any CPU
		{497B888E-4D34-41A1-B127-B41357FD518C}.Release|Any CPU.Build.0 = Release|Any CPU
	EndGlobalSection
	GlobalSection(SolutionProperties) = preSolution
		HideSolutionNode = FALSE
	EndGlobalSection
	GlobalSection(ExtensibilityGlobals) = postSolution
		SolutionGuid = {924B6B1B-71CC-48CE-9276-AD620EB2548D}
	EndGlobalSection
EndGlobal
