
Microsoft Visual Studio Solution File, Format Version 12.00
# Visual Studio Version 17
VisualStudioVersion = 17.2.32519.379
MinimumVisualStudioVersion = 10.0.40219.1
Project("{FAE04EC0-301F-11D3-BF4B-00C04F79EFBC}") = "Homework1", "Homework1\Homework1.csproj", "{AAB39367-A30A-4025-A5FF-4D39C1035AB9}"
EndProject
Global
	GlobalSection(SolutionConfigurationPlatforms) = preSolution
		Debug|Any CPU = Debug|Any CPU
		Release|Any CPU = Release|Any CPU
	EndGlobalSection
	GlobalSection(ProjectConfigurationPlatforms) = postSolution
		{AAB39367-A30A-4025-A5FF-4D39C1035AB9}.Debug|Any CPU.ActiveCfg = Debug|Any CPU
		{AAB39367-A30A-4025-A5FF-4D39C1035AB9}.Debug|Any CPU.Build.0 = Debug|Any CPU
		{AAB39367-A30A-4025-A5FF-4D39C1035AB9}.Release|Any CPU.ActiveCfg = Release|Any CPU
		{AAB39367-A30A-4025-A5FF-4D39C1035AB9}.Release|Any CPU.Build.0 = Release|Any CPU
	EndGlobalSection
	GlobalSection(SolutionProperties) = preSolution
		HideSolutionNode = FALSE
	EndGlobalSection
	GlobalSection(ExtensibilityGlobals) = postSolution
		SolutionGuid = {91C7E909-40A7-4141-B7D1-85104B35E379}
	EndGlobalSection
EndGlobal
