
Microsoft Visual Studio Solution File, Format Version 12.00
# Visual Studio Version 17
VisualStudioVersion = 17.2.32519.379
MinimumVisualStudioVersion = 10.0.40219.1
Project("{FAE04EC0-301F-11D3-BF4B-00C04F79EFBC}") = "Homework2", "Homework2\Homework2.csproj", "{F4B908DB-08E6-4782-AF01-3CEAC800C114}"
EndProject
Global
	GlobalSection(SolutionConfigurationPlatforms) = preSolution
		Debug|Any CPU = Debug|Any CPU
		Release|Any CPU = Release|Any CPU
	EndGlobalSection
	GlobalSection(ProjectConfigurationPlatforms) = postSolution
		{F4B908DB-08E6-4782-AF01-3CEAC800C114}.Debug|Any CPU.ActiveCfg = Debug|Any CPU
		{F4B908DB-08E6-4782-AF01-3CEAC800C114}.Debug|Any CPU.Build.0 = Debug|Any CPU
		{F4B908DB-08E6-4782-AF01-3CEAC800C114}.Release|Any CPU.ActiveCfg = Release|Any CPU
		{F4B908DB-08E6-4782-AF01-3CEAC800C114}.Release|Any CPU.Build.0 = Release|Any CPU
	EndGlobalSection
	GlobalSection(SolutionProperties) = preSolution
		HideSolutionNode = FALSE
	EndGlobalSection
	GlobalSection(ExtensibilityGlobals) = postSolution
		SolutionGuid = {ED13E09D-A1A1-4AF5-9A27-BE8B747AE772}
	EndGlobalSection
EndGlobal
