
Microsoft Visual Studio Solution File, Format Version 12.00
# Visual Studio Version 17
VisualStudioVersion = 17.2.32519.379
MinimumVisualStudioVersion = 10.0.40219.1
Project("{FAE04EC0-301F-11D3-BF4B-00C04F79EFBC}") = "TypeConversion", "TypeConversion\TypeConversion.csproj", "{DABBBECF-0985-42D8-8ED6-0624C746E761}"
EndProject
Project("{FAE04EC0-301F-11D3-BF4B-00C04F79EFBC}") = "Homework", "Homework\Homework.csproj", "{FA8CD67F-B958-41DB-A36A-6A923D871AA2}"
EndProject
Global
	GlobalSection(SolutionConfigurationPlatforms) = preSolution
		Debug|Any CPU = Debug|Any CPU
		Release|Any CPU = Release|Any CPU
	EndGlobalSection
	GlobalSection(ProjectConfigurationPlatforms) = postSolution
		{DABBBECF-0985-42D8-8ED6-0624C746E761}.Debug|Any CPU.ActiveCfg = Debug|Any CPU
		{DABBBECF-0985-42D8-8ED6-0624C746E761}.Debug|Any CPU.Build.0 = Debug|Any CPU
		{DABBBECF-0985-42D8-8ED6-0624C746E761}.Release|Any CPU.ActiveCfg = Release|Any CPU
		{DABBBECF-0985-42D8-8ED6-0624C746E761}.Release|Any CPU.Build.0 = Release|Any CPU
		{FA8CD67F-B958-41DB-A36A-6A923D871AA2}.Debug|Any CPU.ActiveCfg = Debug|Any CPU
		{FA8CD67F-B958-41DB-A36A-6A923D871AA2}.Debug|Any CPU.Build.0 = Debug|Any CPU
		{FA8CD67F-B958-41DB-A36A-6A923D871AA2}.Release|Any CPU.ActiveCfg = Release|Any CPU
		{FA8CD67F-B958-41DB-A36A-6A923D871AA2}.Release|Any CPU.Build.0 = Release|Any CPU
	EndGlobalSection
	GlobalSection(SolutionProperties) = preSolution
		HideSolutionNode = FALSE
	EndGlobalSection
	GlobalSection(ExtensibilityGlobals) = postSolution
		SolutionGuid = {CDB17D23-C7FC-462B-9579-A43C39AA66F8}
	EndGlobalSection
EndGlobal
