
Microsoft Visual Studio Solution File, Format Version 12.00
# Visual Studio Version 17
VisualStudioVersion = 17.4.33205.214
MinimumVisualStudioVersion = 10.0.40219.1
Project("{9A19103F-16F7-4668-BE54-9A1E7A4F7556}") = "EduSys.Core", "EduSys.Core\EduSys.Core.csproj", "{B2023C5E-0345-4EAA-90BB-AC08B5957FC1}"
EndProject
Project("{9A19103F-16F7-4668-BE54-9A1E7A4F7556}") = "EduSys.Repository", "EduSys.Repository\EduSys.Repository.csproj", "{A56FA9A5-BBC2-4B5C-9BA3-29D9C8582A41}"
EndProject
Project("{9A19103F-16F7-4668-BE54-9A1E7A4F7556}") = "EduSys.Service", "EduSys.Service\EduSys.Service.csproj", "{C7E8FD2D-C821-4821-B0FD-589FAAA1584D}"
EndProject
Project("{9A19103F-16F7-4668-BE54-9A1E7A4F7556}") = "EduSys.API", "EduSys.API\EduSys.API.csproj", "{28754B63-5B5F-44FC-AC7B-148AE4D541DA}"
EndProject
Project("{9A19103F-16F7-4668-BE54-9A1E7A4F7556}") = "EduSys.Caching", "EduSys.Caching\EduSys.Caching.csproj", "{169AE27E-713F-485C-8E92-54051685BF34}"
EndProject
Project("{9A19103F-16F7-4668-BE54-9A1E7A4F7556}") = "EduSys.Web", "EduSys.Web\EduSys.Web.csproj", "{62714E46-2FB4-4E96-ADE7-EDF4047DF9CF}"
EndProject
Project("{2150E333-8FDC-42A3-9474-1A3956D46DE8}") = "Solution Items", "Solution Items", "{685918DB-E81B-43A8-BF03-E16E8F5BA9AE}"
	ProjectSection(SolutionItems) = preProject
		Ports.txt = Ports.txt
	EndProjectSection
EndProject
Project("{FAE04EC0-301F-11D3-BF4B-00C04F79EFBC}") = "EduSys.Common", "EduSys.Common\EduSys.Common.csproj", "{B249A77C-DAB1-4CA9-8433-91109D8CCD9D}"
EndProject
Global
	GlobalSection(SolutionConfigurationPlatforms) = preSolution
		Debug|Any CPU = Debug|Any CPU
		Release|Any CPU = Release|Any CPU
	EndGlobalSection
	GlobalSection(ProjectConfigurationPlatforms) = postSolution
		{B2023C5E-0345-4EAA-90BB-AC08B5957FC1}.Debug|Any CPU.ActiveCfg = Debug|Any CPU
		{B2023C5E-0345-4EAA-90BB-AC08B5957FC1}.Debug|Any CPU.Build.0 = Debug|Any CPU
		{B2023C5E-0345-4EAA-90BB-AC08B5957FC1}.Release|Any CPU.ActiveCfg = Release|Any CPU
		{B2023C5E-0345-4EAA-90BB-AC08B5957FC1}.Release|Any CPU.Build.0 = Release|Any CPU
		{A56FA9A5-BBC2-4B5C-9BA3-29D9C8582A41}.Debug|Any CPU.ActiveCfg = Debug|Any CPU
		{A56FA9A5-BBC2-4B5C-9BA3-29D9C8582A41}.Debug|Any CPU.Build.0 = Debug|Any CPU
		{A56FA9A5-BBC2-4B5C-9BA3-29D9C8582A41}.Release|Any CPU.ActiveCfg = Release|Any CPU
		{A56FA9A5-BBC2-4B5C-9BA3-29D9C8582A41}.Release|Any CPU.Build.0 = Release|Any CPU
		{C7E8FD2D-C821-4821-B0FD-589FAAA1584D}.Debug|Any CPU.ActiveCfg = Debug|Any CPU
		{C7E8FD2D-C821-4821-B0FD-589FAAA1584D}.Debug|Any CPU.Build.0 = Debug|Any CPU
		{C7E8FD2D-C821-4821-B0FD-589FAAA1584D}.Release|Any CPU.ActiveCfg = Release|Any CPU
		{C7E8FD2D-C821-4821-B0FD-589FAAA1584D}.Release|Any CPU.Build.0 = Release|Any CPU
		{28754B63-5B5F-44FC-AC7B-148AE4D541DA}.Debug|Any CPU.ActiveCfg = Debug|Any CPU
		{28754B63-5B5F-44FC-AC7B-148AE4D541DA}.Debug|Any CPU.Build.0 = Debug|Any CPU
		{28754B63-5B5F-44FC-AC7B-148AE4D541DA}.Release|Any CPU.ActiveCfg = Release|Any CPU
		{28754B63-5B5F-44FC-AC7B-148AE4D541DA}.Release|Any CPU.Build.0 = Release|Any CPU
		{169AE27E-713F-485C-8E92-54051685BF34}.Debug|Any CPU.ActiveCfg = Debug|Any CPU
		{169AE27E-713F-485C-8E92-54051685BF34}.Debug|Any CPU.Build.0 = Debug|Any CPU
		{169AE27E-713F-485C-8E92-54051685BF34}.Release|Any CPU.ActiveCfg = Release|Any CPU
		{169AE27E-713F-485C-8E92-54051685BF34}.Release|Any CPU.Build.0 = Release|Any CPU
		{62714E46-2FB4-4E96-ADE7-EDF4047DF9CF}.Debug|Any CPU.ActiveCfg = Debug|Any CPU
		{62714E46-2FB4-4E96-ADE7-EDF4047DF9CF}.Debug|Any CPU.Build.0 = Debug|Any CPU
		{62714E46-2FB4-4E96-ADE7-EDF4047DF9CF}.Release|Any CPU.ActiveCfg = Release|Any CPU
		{62714E46-2FB4-4E96-ADE7-EDF4047DF9CF}.Release|Any CPU.Build.0 = Release|Any CPU
		{B249A77C-DAB1-4CA9-8433-91109D8CCD9D}.Debug|Any CPU.ActiveCfg = Debug|Any CPU
		{B249A77C-DAB1-4CA9-8433-91109D8CCD9D}.Debug|Any CPU.Build.0 = Debug|Any CPU
		{B249A77C-DAB1-4CA9-8433-91109D8CCD9D}.Release|Any CPU.ActiveCfg = Release|Any CPU
		{B249A77C-DAB1-4CA9-8433-91109D8CCD9D}.Release|Any CPU.Build.0 = Release|Any CPU
	EndGlobalSection
	GlobalSection(SolutionProperties) = preSolution
		HideSolutionNode = FALSE
	EndGlobalSection
	GlobalSection(ExtensibilityGlobals) = postSolution
		SolutionGuid = {EDD955A6-0F67-498D-8E7A-688A0F5489DD}
	EndGlobalSection
EndGlobal
