
Microsoft Visual Studio Solution File, Format Version 12.00
# Visual Studio 15
VisualStudioVersion = 15.0.28307.2017
MinimumVisualStudioVersion = 10.0.40219.1
Project("{FAE04EC0-301F-11D3-BF4B-00C04F79EFBC}") = "Static", "Static\Static.csproj", "{9805A9E8-DB14-477B-AB08-9A303F120876}"
EndProject
Project("{FAE04EC0-301F-11D3-BF4B-00C04F79EFBC}") = "Static Classes", "Static Classes\Static Classes.csproj", "{02DE624B-45A2-433A-B95F-3EF62ED61EBD}"
EndProject
Project("{FAE04EC0-301F-11D3-BF4B-00C04F79EFBC}") = "Homework", "Homework\Homework.csproj", "{198096C1-CE15-446C-8833-E07E6362BB6A}"
EndProject
Global
	GlobalSection(SolutionConfigurationPlatforms) = preSolution
		Debug|Any CPU = Debug|Any CPU
		Release|Any CPU = Release|Any CPU
	EndGlobalSection
	GlobalSection(ProjectConfigurationPlatforms) = postSolution
		{9805A9E8-DB14-477B-AB08-9A303F120876}.Debug|Any CPU.ActiveCfg = Debug|Any CPU
		{9805A9E8-DB14-477B-AB08-9A303F120876}.Debug|Any CPU.Build.0 = Debug|Any CPU
		{9805A9E8-DB14-477B-AB08-9A303F120876}.Release|Any CPU.ActiveCfg = Release|Any CPU
		{9805A9E8-DB14-477B-AB08-9A303F120876}.Release|Any CPU.Build.0 = Release|Any CPU
		{02DE624B-45A2-433A-B95F-3EF62ED61EBD}.Debug|Any CPU.ActiveCfg = Debug|Any CPU
		{02DE624B-45A2-433A-B95F-3EF62ED61EBD}.Debug|Any CPU.Build.0 = Debug|Any CPU
		{02DE624B-45A2-433A-B95F-3EF62ED61EBD}.Release|Any CPU.ActiveCfg = Release|Any CPU
		{02DE624B-45A2-433A-B95F-3EF62ED61EBD}.Release|Any CPU.Build.0 = Release|Any CPU
		{198096C1-CE15-446C-8833-E07E6362BB6A}.Debug|Any CPU.ActiveCfg = Debug|Any CPU
		{198096C1-CE15-446C-8833-E07E6362BB6A}.Debug|Any CPU.Build.0 = Debug|Any CPU
		{198096C1-CE15-446C-8833-E07E6362BB6A}.Release|Any CPU.ActiveCfg = Release|Any CPU
		{198096C1-CE15-446C-8833-E07E6362BB6A}.Release|Any CPU.Build.0 = Release|Any CPU
	EndGlobalSection
	GlobalSection(SolutionProperties) = preSolution
		HideSolutionNode = FALSE
	EndGlobalSection
	GlobalSection(ExtensibilityGlobals) = postSolution
		SolutionGuid = {14DC540E-4FAF-4E61-B85B-F4A9C8B23D65}
	EndGlobalSection
EndGlobal
