
Microsoft Visual Studio Solution File, Format Version 12.00
# Visual Studio 15
VisualStudioVersion = 15.0.28307.2017
MinimumVisualStudioVersion = 10.0.40219.1
Project("{FAE04EC0-301F-11D3-BF4B-00C04F79EFBC}") = "OOP - Classes", "OOP - Classes\OOP - Classes.csproj", "{55642C6A-A06F-4B8C-851A-AADE3B116C6B}"
EndProject
Project("{FAE04EC0-301F-11D3-BF4B-00C04F79EFBC}") = "Homework", "Homework\Homework.csproj", "{A3D71B50-5827-47AA-81B4-7D557755989C}"
EndProject
Global
	GlobalSection(SolutionConfigurationPlatforms) = preSolution
		Debug|Any CPU = Debug|Any CPU
		Release|Any CPU = Release|Any CPU
	EndGlobalSection
	GlobalSection(ProjectConfigurationPlatforms) = postSolution
		{55642C6A-A06F-4B8C-851A-AADE3B116C6B}.Debug|Any CPU.ActiveCfg = Debug|Any CPU
		{55642C6A-A06F-4B8C-851A-AADE3B116C6B}.Debug|Any CPU.Build.0 = Debug|Any CPU
		{55642C6A-A06F-4B8C-851A-AADE3B116C6B}.Release|Any CPU.ActiveCfg = Release|Any CPU
		{55642C6A-A06F-4B8C-851A-AADE3B116C6B}.Release|Any CPU.Build.0 = Release|Any CPU
		{A3D71B50-5827-47AA-81B4-7D557755989C}.Debug|Any CPU.ActiveCfg = Debug|Any CPU
		{A3D71B50-5827-47AA-81B4-7D557755989C}.Debug|Any CPU.Build.0 = Debug|Any CPU
		{A3D71B50-5827-47AA-81B4-7D557755989C}.Release|Any CPU.ActiveCfg = Release|Any CPU
		{A3D71B50-5827-47AA-81B4-7D557755989C}.Release|Any CPU.Build.0 = Release|Any CPU
	EndGlobalSection
	GlobalSection(SolutionProperties) = preSolution
		HideSolutionNode = FALSE
	EndGlobalSection
	GlobalSection(ExtensibilityGlobals) = postSolution
		SolutionGuid = {B59C5971-C928-4AEE-B665-5408F22B6D0B}
	EndGlobalSection
EndGlobal
