
Microsoft Visual Studio Solution File, Format Version 12.00
# Visual Studio Version 17
VisualStudioVersion = 17.2.32519.379
MinimumVisualStudioVersion = 10.0.40219.1
Project("{FAE04EC0-301F-11D3-BF4B-00C04F79EFBC}") = "Homework3", "Homework3\Homework3.csproj", "{552467C6-9CE8-4F93-A0F1-FB7827A4376C}"
EndProject
Global
	GlobalSection(SolutionConfigurationPlatforms) = preSolution
		Debug|Any CPU = Debug|Any CPU
		Release|Any CPU = Release|Any CPU
	EndGlobalSection
	GlobalSection(ProjectConfigurationPlatforms) = postSolution
		{552467C6-9CE8-4F93-A0F1-FB7827A4376C}.Debug|Any CPU.ActiveCfg = Debug|Any CPU
		{552467C6-9CE8-4F93-A0F1-FB7827A4376C}.Debug|Any CPU.Build.0 = Debug|Any CPU
		{552467C6-9CE8-4F93-A0F1-FB7827A4376C}.Release|Any CPU.ActiveCfg = Release|Any CPU
		{552467C6-9CE8-4F93-A0F1-FB7827A4376C}.Release|Any CPU.Build.0 = Release|Any CPU
	EndGlobalSection
	GlobalSection(SolutionProperties) = preSolution
		HideSolutionNode = FALSE
	EndGlobalSection
	GlobalSection(ExtensibilityGlobals) = postSolution
		SolutionGuid = {CD2DA433-6CD1-49F8-BBB0-86AAC87B0F4E}
	EndGlobalSection
EndGlobal
