
Microsoft Visual Studio Solution File, Format Version 12.00
# Visual Studio Version 17
VisualStudioVersion = 17.2.32519.379
MinimumVisualStudioVersion = 10.0.40219.1
Project("{FAE04EC0-301F-11D3-BF4B-00C04F79EFBC}") = "Homework1", "Homework1\Homework1.csproj", "{8F3DB329-06CA-4EC0-B764-E8E9120CF086}"
EndProject
Global
	GlobalSection(SolutionConfigurationPlatforms) = preSolution
		Debug|Any CPU = Debug|Any CPU
		Release|Any CPU = Release|Any CPU
	EndGlobalSection
	GlobalSection(ProjectConfigurationPlatforms) = postSolution
		{8F3DB329-06CA-4EC0-B764-E8E9120CF086}.Debug|Any CPU.ActiveCfg = Debug|Any CPU
		{8F3DB329-06CA-4EC0-B764-E8E9120CF086}.Debug|Any CPU.Build.0 = Debug|Any CPU
		{8F3DB329-06CA-4EC0-B764-E8E9120CF086}.Release|Any CPU.ActiveCfg = Release|Any CPU
		{8F3DB329-06CA-4EC0-B764-E8E9120CF086}.Release|Any CPU.Build.0 = Release|Any CPU
	EndGlobalSection
	GlobalSection(SolutionProperties) = preSolution
		HideSolutionNode = FALSE
	EndGlobalSection
	GlobalSection(ExtensibilityGlobals) = postSolution
		SolutionGuid = {AD9BEA62-E68D-4432-AD57-59DF60C61CB7}
	EndGlobalSection
EndGlobal
