
Microsoft Visual Studio Solution File, Format Version 12.00
# Visual Studio Version 17
VisualStudioVersion = 17.2.32519.379
MinimumVisualStudioVersion = 10.0.40219.1
Project("{FAE04EC0-301F-11D3-BF4B-00C04F79EFBC}") = "HomeworkWindowsForms", "HomeworkWindowsForms\HomeworkWindowsForms.csproj", "{58FA6032-378E-4AEC-9614-F573DE8731CD}"
EndProject
Global
	GlobalSection(SolutionConfigurationPlatforms) = preSolution
		Debug|Any CPU = Debug|Any CPU
		Release|Any CPU = Release|Any CPU
	EndGlobalSection
	GlobalSection(ProjectConfigurationPlatforms) = postSolution
		{58FA6032-378E-4AEC-9614-F573DE8731CD}.Debug|Any CPU.ActiveCfg = Debug|Any CPU
		{58FA6032-378E-4AEC-9614-F573DE8731CD}.Debug|Any CPU.Build.0 = Debug|Any CPU
		{58FA6032-378E-4AEC-9614-F573DE8731CD}.Release|Any CPU.ActiveCfg = Release|Any CPU
		{58FA6032-378E-4AEC-9614-F573DE8731CD}.Release|Any CPU.Build.0 = Release|Any CPU
	EndGlobalSection
	GlobalSection(SolutionProperties) = preSolution
		HideSolutionNode = FALSE
	EndGlobalSection
	GlobalSection(ExtensibilityGlobals) = postSolution
		SolutionGuid = {57C90816-ACDE-425C-AF1A-B2B79986C805}
	EndGlobalSection
EndGlobal
