
Microsoft Visual Studio Solution File, Format Version 12.00
# Visual Studio Version 17
VisualStudioVersion = 17.2.32519.379
MinimumVisualStudioVersion = 10.0.40219.1
Project("{FAE04EC0-301F-11D3-BF4B-00C04F79EFBC}") = "Homework2", "Homework2\Homework2.csproj", "{B444A452-5A95-46AC-AE80-AB8974881CA3}"
EndProject
Global
	GlobalSection(SolutionConfigurationPlatforms) = preSolution
		Debug|Any CPU = Debug|Any CPU
		Release|Any CPU = Release|Any CPU
	EndGlobalSection
	GlobalSection(ProjectConfigurationPlatforms) = postSolution
		{B444A452-5A95-46AC-AE80-AB8974881CA3}.Debug|Any CPU.ActiveCfg = Debug|Any CPU
		{B444A452-5A95-46AC-AE80-AB8974881CA3}.Debug|Any CPU.Build.0 = Debug|Any CPU
		{B444A452-5A95-46AC-AE80-AB8974881CA3}.Release|Any CPU.ActiveCfg = Release|Any CPU
		{B444A452-5A95-46AC-AE80-AB8974881CA3}.Release|Any CPU.Build.0 = Release|Any CPU
	EndGlobalSection
	GlobalSection(SolutionProperties) = preSolution
		HideSolutionNode = FALSE
	EndGlobalSection
	GlobalSection(ExtensibilityGlobals) = postSolution
		SolutionGuid = {7D284C4D-A8C2-4CC8-997F-45498644756F}
	EndGlobalSection
EndGlobal
