
Microsoft Visual Studio Solution File, Format Version 12.00
# Visual Studio Version 17
VisualStudioVersion = 17.2.32519.379
MinimumVisualStudioVersion = 10.0.40219.1
Project("{FAE04EC0-301F-11D3-BF4B-00C04F79EFBC}") = "Work", "Work\Work.csproj", "{4090A85C-E084-478B-BCFD-84B63A7F3671}"
EndProject
Global
	GlobalSection(SolutionConfigurationPlatforms) = preSolution
		Debug|Any CPU = Debug|Any CPU
		Release|Any CPU = Release|Any CPU
	EndGlobalSection
	GlobalSection(ProjectConfigurationPlatforms) = postSolution
		{4090A85C-E084-478B-BCFD-84B63A7F3671}.Debug|Any CPU.ActiveCfg = Debug|Any CPU
		{4090A85C-E084-478B-BCFD-84B63A7F3671}.Debug|Any CPU.Build.0 = Debug|Any CPU
		{4090A85C-E084-478B-BCFD-84B63A7F3671}.Release|Any CPU.ActiveCfg = Release|Any CPU
		{4090A85C-E084-478B-BCFD-84B63A7F3671}.Release|Any CPU.Build.0 = Release|Any CPU
	EndGlobalSection
	GlobalSection(SolutionProperties) = preSolution
		HideSolutionNode = FALSE
	EndGlobalSection
	GlobalSection(ExtensibilityGlobals) = postSolution
		SolutionGuid = {85C820D2-E2CC-4A87-8725-85474EADC470}
	EndGlobalSection
EndGlobal
