
Microsoft Visual Studio Solution File, Format Version 12.00
# Visual Studio Version 17
VisualStudioVersion = 17.2.32519.379
MinimumVisualStudioVersion = 10.0.40219.1
Project("{FAE04EC0-301F-11D3-BF4B-00C04F79EFBC}") = "Homework4", "Homework4\Homework4.csproj", "{CF029C24-435B-4756-BC65-D0595A844DDB}"
EndProject
Global
	GlobalSection(SolutionConfigurationPlatforms) = preSolution
		Debug|Any CPU = Debug|Any CPU
		Release|Any CPU = Release|Any CPU
	EndGlobalSection
	GlobalSection(ProjectConfigurationPlatforms) = postSolution
		{CF029C24-435B-4756-BC65-D0595A844DDB}.Debug|Any CPU.ActiveCfg = Debug|Any CPU
		{CF029C24-435B-4756-BC65-D0595A844DDB}.Debug|Any CPU.Build.0 = Debug|Any CPU
		{CF029C24-435B-4756-BC65-D0595A844DDB}.Release|Any CPU.ActiveCfg = Release|Any CPU
		{CF029C24-435B-4756-BC65-D0595A844DDB}.Release|Any CPU.Build.0 = Release|Any CPU
	EndGlobalSection
	GlobalSection(SolutionProperties) = preSolution
		HideSolutionNode = FALSE
	EndGlobalSection
	GlobalSection(ExtensibilityGlobals) = postSolution
		SolutionGuid = {F39A91D9-CB93-49FB-87BA-FD22D8BE0F04}
	EndGlobalSection
EndGlobal
