
Microsoft Visual Studio Solution File, Format Version 12.00
# Visual Studio Version 17
VisualStudioVersion = 17.2.32519.379
MinimumVisualStudioVersion = 10.0.40219.1
Project("{FAE04EC0-301F-11D3-BF4B-00C04F79EFBC}") = "Homework2", "Homework2\Homework2.csproj", "{7F289EFE-DB35-481C-88BD-0C6E3DBD523A}"
EndProject
Global
	GlobalSection(SolutionConfigurationPlatforms) = preSolution
		Debug|Any CPU = Debug|Any CPU
		Release|Any CPU = Release|Any CPU
	EndGlobalSection
	GlobalSection(ProjectConfigurationPlatforms) = postSolution
		{7F289EFE-DB35-481C-88BD-0C6E3DBD523A}.Debug|Any CPU.ActiveCfg = Debug|Any CPU
		{7F289EFE-DB35-481C-88BD-0C6E3DBD523A}.Debug|Any CPU.Build.0 = Debug|Any CPU
		{7F289EFE-DB35-481C-88BD-0C6E3DBD523A}.Release|Any CPU.ActiveCfg = Release|Any CPU
		{7F289EFE-DB35-481C-88BD-0C6E3DBD523A}.Release|Any CPU.Build.0 = Release|Any CPU
	EndGlobalSection
	GlobalSection(SolutionProperties) = preSolution
		HideSolutionNode = FALSE
	EndGlobalSection
	GlobalSection(ExtensibilityGlobals) = postSolution
		SolutionGuid = {7D2B98F7-60F1-4D90-B658-902F20CB6A7E}
	EndGlobalSection
EndGlobal
