
Microsoft Visual Studio Solution File, Format Version 12.00
# Visual Studio 15
VisualStudioVersion = 15.0.33026.149
MinimumVisualStudioVersion = 10.0.40219.1
Project("{FAE04EC0-301F-11D3-BF4B-00C04F79EFBC}") = "WindowsFormsAppPart6", "WindowsFormsAppPart6\WindowsFormsAppPart6.csproj", "{6FF1E981-CC62-461A-B177-89FDCBDABDCB}"
EndProject
Global
	GlobalSection(SolutionConfigurationPlatforms) = preSolution
		Debug|Any CPU = Debug|Any CPU
		Release|Any CPU = Release|Any CPU
	EndGlobalSection
	GlobalSection(ProjectConfigurationPlatforms) = postSolution
		{6FF1E981-CC62-461A-B177-89FDCBDABDCB}.Debug|Any CPU.ActiveCfg = Debug|Any CPU
		{6FF1E981-CC62-461A-B177-89FDCBDABDCB}.Debug|Any CPU.Build.0 = Debug|Any CPU
		{6FF1E981-CC62-461A-B177-89FDCBDABDCB}.Release|Any CPU.ActiveCfg = Release|Any CPU
		{6FF1E981-CC62-461A-B177-89FDCBDABDCB}.Release|Any CPU.Build.0 = Release|Any CPU
	EndGlobalSection
	GlobalSection(SolutionProperties) = preSolution
		HideSolutionNode = FALSE
	EndGlobalSection
	GlobalSection(ExtensibilityGlobals) = postSolution
		SolutionGuid = {DA26BB87-6503-4381-BB2E-EABFB89F69E4}
	EndGlobalSection
EndGlobal
