
Microsoft Visual Studio Solution File, Format Version 12.00
# Visual Studio Version 17
VisualStudioVersion = 17.2.32519.379
MinimumVisualStudioVersion = 10.0.40219.1
Project("{FAE04EC0-301F-11D3-BF4B-00C04F79EFBC}") = "Task", "Task\Task.csproj", "{3AD72628-BF0F-4E02-A3F8-F46BAB200D05}"
EndProject
Global
	GlobalSection(SolutionConfigurationPlatforms) = preSolution
		Debug|Any CPU = Debug|Any CPU
		Release|Any CPU = Release|Any CPU
	EndGlobalSection
	GlobalSection(ProjectConfigurationPlatforms) = postSolution
		{3AD72628-BF0F-4E02-A3F8-F46BAB200D05}.Debug|Any CPU.ActiveCfg = Debug|Any CPU
		{3AD72628-BF0F-4E02-A3F8-F46BAB200D05}.Debug|Any CPU.Build.0 = Debug|Any CPU
		{3AD72628-BF0F-4E02-A3F8-F46BAB200D05}.Release|Any CPU.ActiveCfg = Release|Any CPU
		{3AD72628-BF0F-4E02-A3F8-F46BAB200D05}.Release|Any CPU.Build.0 = Release|Any CPU
	EndGlobalSection
	GlobalSection(SolutionProperties) = preSolution
		HideSolutionNode = FALSE
	EndGlobalSection
	GlobalSection(ExtensibilityGlobals) = postSolution
		SolutionGuid = {DBA74045-A800-43EB-A7D4-8886D846B1A5}
	EndGlobalSection
EndGlobal
