
Microsoft Visual Studio Solution File, Format Version 12.00
# Visual Studio Version 17
VisualStudioVersion = 17.2.32519.379
MinimumVisualStudioVersion = 10.0.40219.1
Project("{FAE04EC0-301F-11D3-BF4B-00C04F79EFBC}") = "Homework1", "Homework1\Homework1.csproj", "{6908266F-6665-453F-81C3-1C657798E421}"
EndProject
Global
	GlobalSection(SolutionConfigurationPlatforms) = preSolution
		Debug|Any CPU = Debug|Any CPU
		Release|Any CPU = Release|Any CPU
	EndGlobalSection
	GlobalSection(ProjectConfigurationPlatforms) = postSolution
		{6908266F-6665-453F-81C3-1C657798E421}.Debug|Any CPU.ActiveCfg = Debug|Any CPU
		{6908266F-6665-453F-81C3-1C657798E421}.Debug|Any CPU.Build.0 = Debug|Any CPU
		{6908266F-6665-453F-81C3-1C657798E421}.Release|Any CPU.ActiveCfg = Release|Any CPU
		{6908266F-6665-453F-81C3-1C657798E421}.Release|Any CPU.Build.0 = Release|Any CPU
	EndGlobalSection
	GlobalSection(SolutionProperties) = preSolution
		HideSolutionNode = FALSE
	EndGlobalSection
	GlobalSection(ExtensibilityGlobals) = postSolution
		SolutionGuid = {C6F75E87-3AAE-40D0-9123-310D959AF76B}
	EndGlobalSection
EndGlobal
