
Microsoft Visual Studio Solution File, Format Version 12.00
# Visual Studio 15
VisualStudioVersion = 15.0.28307.1705
MinimumVisualStudioVersion = 10.0.40219.1
Project("{FAE04EC0-301F-11D3-BF4B-00C04F79EFBC}") = "FirstConsoleAppPart2", "FirstConsoleAppPart2\FirstConsoleAppPart2.csproj", "{C16BBC42-14BC-4F7A-8162-AD9539A13924}"
EndProject
Project("{FAE04EC0-301F-11D3-BF4B-00C04F79EFBC}") = "Homework", "Homework\Homework.csproj", "{A58BC09E-479E-4DB2-B157-2A45A2BDE3D8}"
EndProject
Global
	GlobalSection(SolutionConfigurationPlatforms) = preSolution
		Debug|Any CPU = Debug|Any CPU
		Release|Any CPU = Release|Any CPU
	EndGlobalSection
	GlobalSection(ProjectConfigurationPlatforms) = postSolution
		{C16BBC42-14BC-4F7A-8162-AD9539A13924}.Debug|Any CPU.ActiveCfg = Debug|Any CPU
		{C16BBC42-14BC-4F7A-8162-AD9539A13924}.Debug|Any CPU.Build.0 = Debug|Any CPU
		{C16BBC42-14BC-4F7A-8162-AD9539A13924}.Release|Any CPU.ActiveCfg = Release|Any CPU
		{C16BBC42-14BC-4F7A-8162-AD9539A13924}.Release|Any CPU.Build.0 = Release|Any CPU
		{A58BC09E-479E-4DB2-B157-2A45A2BDE3D8}.Debug|Any CPU.ActiveCfg = Debug|Any CPU
		{A58BC09E-479E-4DB2-B157-2A45A2BDE3D8}.Debug|Any CPU.Build.0 = Debug|Any CPU
		{A58BC09E-479E-4DB2-B157-2A45A2BDE3D8}.Release|Any CPU.ActiveCfg = Release|Any CPU
		{A58BC09E-479E-4DB2-B157-2A45A2BDE3D8}.Release|Any CPU.Build.0 = Release|Any CPU
	EndGlobalSection
	GlobalSection(SolutionProperties) = preSolution
		HideSolutionNode = FALSE
	EndGlobalSection
	GlobalSection(ExtensibilityGlobals) = postSolution
		SolutionGuid = {A9157E6B-9483-4AA5-8B05-3F06A8DF0818}
	EndGlobalSection
EndGlobal
