
Microsoft Visual Studio Solution File, Format Version 12.00
# Visual Studio Version 17
VisualStudioVersion = 17.2.32519.379
MinimumVisualStudioVersion = 10.0.40219.1
Project("{FAE04EC0-301F-11D3-BF4B-00C04F79EFBC}") = "TaskInLesson1", "TaskInLesson1\TaskInLesson1.csproj", "{11379662-0811-4DED-828C-4DC01603C584}"
EndProject
Global
	GlobalSection(SolutionConfigurationPlatforms) = preSolution
		Debug|Any CPU = Debug|Any CPU
		Release|Any CPU = Release|Any CPU
	EndGlobalSection
	GlobalSection(ProjectConfigurationPlatforms) = postSolution
		{11379662-0811-4DED-828C-4DC01603C584}.Debug|Any CPU.ActiveCfg = Debug|Any CPU
		{11379662-0811-4DED-828C-4DC01603C584}.Debug|Any CPU.Build.0 = Debug|Any CPU
		{11379662-0811-4DED-828C-4DC01603C584}.Release|Any CPU.ActiveCfg = Release|Any CPU
		{11379662-0811-4DED-828C-4DC01603C584}.Release|Any CPU.Build.0 = Release|Any CPU
	EndGlobalSection
	GlobalSection(SolutionProperties) = preSolution
		HideSolutionNode = FALSE
	EndGlobalSection
	GlobalSection(ExtensibilityGlobals) = postSolution
		SolutionGuid = {E0C202EE-A0E8-485F-9ABF-DBE979DA05FE}
	EndGlobalSection
EndGlobal
