
Microsoft Visual Studio Solution File, Format Version 12.00
# Visual Studio Version 17
VisualStudioVersion = 17.2.32519.379
MinimumVisualStudioVersion = 10.0.40219.1
Project("{FAE04EC0-301F-11D3-BF4B-00C04F79EFBC}") = "TaskInLesson", "TaskInLesson\TaskInLesson.csproj", "{26495A61-2F55-4CB6-B880-8BB200A13531}"
EndProject
Global
	GlobalSection(SolutionConfigurationPlatforms) = preSolution
		Debug|Any CPU = Debug|Any CPU
		Release|Any CPU = Release|Any CPU
	EndGlobalSection
	GlobalSection(ProjectConfigurationPlatforms) = postSolution
		{26495A61-2F55-4CB6-B880-8BB200A13531}.Debug|Any CPU.ActiveCfg = Debug|Any CPU
		{26495A61-2F55-4CB6-B880-8BB200A13531}.Debug|Any CPU.Build.0 = Debug|Any CPU
		{26495A61-2F55-4CB6-B880-8BB200A13531}.Release|Any CPU.ActiveCfg = Release|Any CPU
		{26495A61-2F55-4CB6-B880-8BB200A13531}.Release|Any CPU.Build.0 = Release|Any CPU
	EndGlobalSection
	GlobalSection(SolutionProperties) = preSolution
		HideSolutionNode = FALSE
	EndGlobalSection
	GlobalSection(ExtensibilityGlobals) = postSolution
		SolutionGuid = {313776BF-4D19-46AF-ABB2-B9BE2E615BBB}
	EndGlobalSection
EndGlobal
