
Microsoft Visual Studio Solution File, Format Version 12.00
# Visual Studio 15
VisualStudioVersion = 15.0.28307.2017
MinimumVisualStudioVersion = 10.0.40219.1
Project("{FAE04EC0-301F-11D3-BF4B-00C04F79EFBC}") = "Loops", "Loops\Loops.csproj", "{53DE7C6A-6132-4052-8ED2-914B65158217}"
EndProject
Project("{FAE04EC0-301F-11D3-BF4B-00C04F79EFBC}") = "Homework", "Homework\Homework.csproj", "{36CDA5A4-881D-4055-8794-45FF9A8FA854}"
EndProject
Global
	GlobalSection(SolutionConfigurationPlatforms) = preSolution
		Debug|Any CPU = Debug|Any CPU
		Release|Any CPU = Release|Any CPU
	EndGlobalSection
	GlobalSection(ProjectConfigurationPlatforms) = postSolution
		{53DE7C6A-6132-4052-8ED2-914B65158217}.Debug|Any CPU.ActiveCfg = Debug|Any CPU
		{53DE7C6A-6132-4052-8ED2-914B65158217}.Debug|Any CPU.Build.0 = Debug|Any CPU
		{53DE7C6A-6132-4052-8ED2-914B65158217}.Release|Any CPU.ActiveCfg = Release|Any CPU
		{53DE7C6A-6132-4052-8ED2-914B65158217}.Release|Any CPU.Build.0 = Release|Any CPU
		{36CDA5A4-881D-4055-8794-45FF9A8FA854}.Debug|Any CPU.ActiveCfg = Debug|Any CPU
		{36CDA5A4-881D-4055-8794-45FF9A8FA854}.Debug|Any CPU.Build.0 = Debug|Any CPU
		{36CDA5A4-881D-4055-8794-45FF9A8FA854}.Release|Any CPU.ActiveCfg = Release|Any CPU
		{36CDA5A4-881D-4055-8794-45FF9A8FA854}.Release|Any CPU.Build.0 = Release|Any CPU
	EndGlobalSection
	GlobalSection(SolutionProperties) = preSolution
		HideSolutionNode = FALSE
	EndGlobalSection
	GlobalSection(ExtensibilityGlobals) = postSolution
		SolutionGuid = {7CB8E43C-B5BB-433B-8866-BFD11A22C2AA}
	EndGlobalSection
EndGlobal
