
Microsoft Visual Studio Solution File, Format Version 12.00
# Visual Studio Version 17
VisualStudioVersion = 17.2.32519.379
MinimumVisualStudioVersion = 10.0.40219.1
Project("{FAE04EC0-301F-11D3-BF4B-00C04F79EFBC}") = "Homework1", "Homework1\Homework1.csproj", "{B1B15B49-357B-42FE-B25E-9D4D5C044D1C}"
EndProject
Global
	GlobalSection(SolutionConfigurationPlatforms) = preSolution
		Debug|Any CPU = Debug|Any CPU
		Release|Any CPU = Release|Any CPU
	EndGlobalSection
	GlobalSection(ProjectConfigurationPlatforms) = postSolution
		{B1B15B49-357B-42FE-B25E-9D4D5C044D1C}.Debug|Any CPU.ActiveCfg = Debug|Any CPU
		{B1B15B49-357B-42FE-B25E-9D4D5C044D1C}.Debug|Any CPU.Build.0 = Debug|Any CPU
		{B1B15B49-357B-42FE-B25E-9D4D5C044D1C}.Release|Any CPU.ActiveCfg = Release|Any CPU
		{B1B15B49-357B-42FE-B25E-9D4D5C044D1C}.Release|Any CPU.Build.0 = Release|Any CPU
	EndGlobalSection
	GlobalSection(SolutionProperties) = preSolution
		HideSolutionNode = FALSE
	EndGlobalSection
	GlobalSection(ExtensibilityGlobals) = postSolution
		SolutionGuid = {1318C9A3-A4FB-40F5-9F77-BE0D3F9CCFB7}
	EndGlobalSection
EndGlobal
