
Microsoft Visual Studio Solution File, Format Version 12.00
# Visual Studio Version 17
VisualStudioVersion = 17.2.32519.379
MinimumVisualStudioVersion = 10.0.40219.1
Project("{FAE04EC0-301F-11D3-BF4B-00C04F79EFBC}") = "Homework_2", "Homework_2\Homework_2.csproj", "{B451B7B8-D9E4-4A60-BE07-A2BF1EDD69AD}"
EndProject
Global
	GlobalSection(SolutionConfigurationPlatforms) = preSolution
		Debug|Any CPU = Debug|Any CPU
		Release|Any CPU = Release|Any CPU
	EndGlobalSection
	GlobalSection(ProjectConfigurationPlatforms) = postSolution
		{B451B7B8-D9E4-4A60-BE07-A2BF1EDD69AD}.Debug|Any CPU.ActiveCfg = Debug|Any CPU
		{B451B7B8-D9E4-4A60-BE07-A2BF1EDD69AD}.Debug|Any CPU.Build.0 = Debug|Any CPU
		{B451B7B8-D9E4-4A60-BE07-A2BF1EDD69AD}.Release|Any CPU.ActiveCfg = Release|Any CPU
		{B451B7B8-D9E4-4A60-BE07-A2BF1EDD69AD}.Release|Any CPU.Build.0 = Release|Any CPU
	EndGlobalSection
	GlobalSection(SolutionProperties) = preSolution
		HideSolutionNode = FALSE
	EndGlobalSection
	GlobalSection(ExtensibilityGlobals) = postSolution
		SolutionGuid = {3A875BE5-3E30-43CF-A204-B78E39DE2B4B}
	EndGlobalSection
EndGlobal
